
Microsoft Visual Studio Solution File, Format Version 12.00
# Visual Studio Version 17
VisualStudioVersion = 17.10.35013.160
MinimumVisualStudioVersion = 10.0.40219.1
Project("{2150E333-8FDC-42A3-9474-1A3956D46DE8}") = "src", "src", "{892B164B-9A97-4503-9071-E942D3F25755}"
EndProject
Project("{2150E333-8FDC-42A3-9474-1A3956D46DE8}") = "tests", "tests", "{2815FDFB-E25D-42B1-9F88-87BBD810C7DC}"
EndProject
Project("{2150E333-8FDC-42A3-9474-1A3956D46DE8}") = "Solution Items", "Solution Items", "{328381D1-885E-4135-A574-C5DA35483059}"
	ProjectSection(SolutionItems) = preProject
		.editorconfig = .editorconfig
		.gitignore = .gitignore
		LICENSE = LICENSE
		README.md = README.md
	EndProjectSection
EndProject
Project("{9A19103F-16F7-4668-BE54-9A1E7A4F7556}") = "WrapAround.Web", "src\WrapAround.Web\WrapAround.Web.csproj", "{708237EF-DBEE-40E6-982D-0352C4846413}"
EndProject
Project("{9A19103F-16F7-4668-BE54-9A1E7A4F7556}") = "WrapAround.AppHost", "src\WrapAround.AppHost\WrapAround.AppHost.csproj", "{F915840C-70C2-4EEE-AD3A-0539FA24BC9F}"
EndProject
Project("{9A19103F-16F7-4668-BE54-9A1E7A4F7556}") = "WrapAround.ServiceDefaults", "src\WrapAround.ServiceDefaults\WrapAround.ServiceDefaults.csproj", "{EFC6B7A5-BDCB-467B-8B04-E9F8C8FE7CEB}"
EndProject
Project("{9A19103F-16F7-4668-BE54-9A1E7A4F7556}") = "WrapAround.AppHost.Tests.Integration", "tests\WrapAround.AppHost.Tests.Integration\WrapAround.AppHost.Tests.Integration.csproj", "{FA388B3A-18E1-4B9A-834A-F16D50F91E65}"
EndProject
Project("{9A19103F-16F7-4668-BE54-9A1E7A4F7556}") = "WrapAround.Infrastructure", "src\WrapAround.Infrastructure\WrapAround.Infrastructure.csproj", "{6D14FE92-FAA7-473B-B4AA-6E90E9C967D5}"
EndProject
Project("{9A19103F-16F7-4668-BE54-9A1E7A4F7556}") = "WrapAround.Application", "src\WrapAround.Application\WrapAround.Application.csproj", "{F2CC7FAC-AF51-49F2-870B-0B7F3EB56F29}"
EndProject
Project("{9A19103F-16F7-4668-BE54-9A1E7A4F7556}") = "WrapAround.Domain", "src\WrapAround.Domain\WrapAround.Domain.csproj", "{FD7C1B46-CA3B-480C-8C85-E96BD289CBF8}"
EndProject
Project("{FAE04EC0-301F-11D3-BF4B-00C04F79EFBC}") = "WrapAround.Migrations", "src\WrapAround.Migrations\WrapAround.Migrations.csproj", "{A9949E8B-0487-42A8-870D-94AA6D51886A}"
EndProject
Global
	GlobalSection(SolutionConfigurationPlatforms) = preSolution
		Debug|Any CPU = Debug|Any CPU
		Release|Any CPU = Release|Any CPU
	EndGlobalSection
	GlobalSection(ProjectConfigurationPlatforms) = postSolution
		{708237EF-DBEE-40E6-982D-0352C4846413}.Debug|Any CPU.ActiveCfg = Debug|Any CPU
		{708237EF-DBEE-40E6-982D-0352C4846413}.Debug|Any CPU.Build.0 = Debug|Any CPU
		{708237EF-DBEE-40E6-982D-0352C4846413}.Release|Any CPU.ActiveCfg = Release|Any CPU
		{708237EF-DBEE-40E6-982D-0352C4846413}.Release|Any CPU.Build.0 = Release|Any CPU
		{F915840C-70C2-4EEE-AD3A-0539FA24BC9F}.Debug|Any CPU.ActiveCfg = Debug|Any CPU
		{F915840C-70C2-4EEE-AD3A-0539FA24BC9F}.Debug|Any CPU.Build.0 = Debug|Any CPU
		{F915840C-70C2-4EEE-AD3A-0539FA24BC9F}.Release|Any CPU.ActiveCfg = Release|Any CPU
		{F915840C-70C2-4EEE-AD3A-0539FA24BC9F}.Release|Any CPU.Build.0 = Release|Any CPU
		{EFC6B7A5-BDCB-467B-8B04-E9F8C8FE7CEB}.Debug|Any CPU.ActiveCfg = Debug|Any CPU
		{EFC6B7A5-BDCB-467B-8B04-E9F8C8FE7CEB}.Debug|Any CPU.Build.0 = Debug|Any CPU
		{EFC6B7A5-BDCB-467B-8B04-E9F8C8FE7CEB}.Release|Any CPU.ActiveCfg = Release|Any CPU
		{EFC6B7A5-BDCB-467B-8B04-E9F8C8FE7CEB}.Release|Any CPU.Build.0 = Release|Any CPU
		{FA388B3A-18E1-4B9A-834A-F16D50F91E65}.Debug|Any CPU.ActiveCfg = Debug|Any CPU
		{FA388B3A-18E1-4B9A-834A-F16D50F91E65}.Debug|Any CPU.Build.0 = Debug|Any CPU
		{FA388B3A-18E1-4B9A-834A-F16D50F91E65}.Release|Any CPU.ActiveCfg = Release|Any CPU
		{FA388B3A-18E1-4B9A-834A-F16D50F91E65}.Release|Any CPU.Build.0 = Release|Any CPU
		{6D14FE92-FAA7-473B-B4AA-6E90E9C967D5}.Debug|Any CPU.ActiveCfg = Debug|Any CPU
		{6D14FE92-FAA7-473B-B4AA-6E90E9C967D5}.Debug|Any CPU.Build.0 = Debug|Any CPU
		{6D14FE92-FAA7-473B-B4AA-6E90E9C967D5}.Release|Any CPU.ActiveCfg = Release|Any CPU
		{6D14FE92-FAA7-473B-B4AA-6E90E9C967D5}.Release|Any CPU.Build.0 = Release|Any CPU
		{F2CC7FAC-AF51-49F2-870B-0B7F3EB56F29}.Debug|Any CPU.ActiveCfg = Debug|Any CPU
		{F2CC7FAC-AF51-49F2-870B-0B7F3EB56F29}.Debug|Any CPU.Build.0 = Debug|Any CPU
		{F2CC7FAC-AF51-49F2-870B-0B7F3EB56F29}.Release|Any CPU.ActiveCfg = Release|Any CPU
		{F2CC7FAC-AF51-49F2-870B-0B7F3EB56F29}.Release|Any CPU.Build.0 = Release|Any CPU
		{FD7C1B46-CA3B-480C-8C85-E96BD289CBF8}.Debug|Any CPU.ActiveCfg = Debug|Any CPU
		{FD7C1B46-CA3B-480C-8C85-E96BD289CBF8}.Debug|Any CPU.Build.0 = Debug|Any CPU
		{FD7C1B46-CA3B-480C-8C85-E96BD289CBF8}.Release|Any CPU.ActiveCfg = Release|Any CPU
		{FD7C1B46-CA3B-480C-8C85-E96BD289CBF8}.Release|Any CPU.Build.0 = Release|Any CPU
		{A9949E8B-0487-42A8-870D-94AA6D51886A}.Debug|Any CPU.ActiveCfg = Debug|Any CPU
		{A9949E8B-0487-42A8-870D-94AA6D51886A}.Debug|Any CPU.Build.0 = Debug|Any CPU
		{A9949E8B-0487-42A8-870D-94AA6D51886A}.Release|Any CPU.ActiveCfg = Release|Any CPU
		{A9949E8B-0487-42A8-870D-94AA6D51886A}.Release|Any CPU.Build.0 = Release|Any CPU
	EndGlobalSection
	GlobalSection(SolutionProperties) = preSolution
		HideSolutionNode = FALSE
	EndGlobalSection
	GlobalSection(NestedProjects) = preSolution
		{708237EF-DBEE-40E6-982D-0352C4846413} = {892B164B-9A97-4503-9071-E942D3F25755}
		{F915840C-70C2-4EEE-AD3A-0539FA24BC9F} = {892B164B-9A97-4503-9071-E942D3F25755}
		{EFC6B7A5-BDCB-467B-8B04-E9F8C8FE7CEB} = {892B164B-9A97-4503-9071-E942D3F25755}
		{FA388B3A-18E1-4B9A-834A-F16D50F91E65} = {2815FDFB-E25D-42B1-9F88-87BBD810C7DC}
		{6D14FE92-FAA7-473B-B4AA-6E90E9C967D5} = {892B164B-9A97-4503-9071-E942D3F25755}
		{F2CC7FAC-AF51-49F2-870B-0B7F3EB56F29} = {892B164B-9A97-4503-9071-E942D3F25755}
		{FD7C1B46-CA3B-480C-8C85-E96BD289CBF8} = {892B164B-9A97-4503-9071-E942D3F25755}
		{A9949E8B-0487-42A8-870D-94AA6D51886A} = {892B164B-9A97-4503-9071-E942D3F25755}
	EndGlobalSection
	GlobalSection(ExtensibilityGlobals) = postSolution
		SolutionGuid = {9020D08C-1427-480D-B29E-415654921528}
	EndGlobalSection
EndGlobal
